// !$*UTF8*$!
{
	archiveVersion = 1;
	classes = {
	};
	objectVersion = 56;
	objects = {

/* Begin PBXBuildFile section */
		0961EFBA2C1F440B002FC40B /* Category.swift in Sources */ = {isa = PBXBuildFile; fileRef = 0961EFB92C1F440B002FC40B /* Category.swift */; };
		0961EFBC2C1F4421002FC40B /* CategoriesViewModel.swift in Sources */ = {isa = PBXBuildFile; fileRef = 0961EFBB2C1F4421002FC40B /* CategoriesViewModel.swift */; };
		0961EFBE2C1F4433002FC40B /* CategoriesView.swift in Sources */ = {isa = PBXBuildFile; fileRef = 0961EFBD2C1F4433002FC40B /* CategoriesView.swift */; };
		0961EFC02C1F4702002FC40B /* CategoryButton.swift in Sources */ = {isa = PBXBuildFile; fileRef = 0961EFBF2C1F4702002FC40B /* CategoryButton.swift */; };
		0961EFC52C1F4EB6002FC40B /* SectionTitleView.swift in Sources */ = {isa = PBXBuildFile; fileRef = 0961EFC42C1F4EB6002FC40B /* SectionTitleView.swift */; };
		0961F0022C1F835F002FC40B /* SearchBar.swift in Sources */ = {isa = PBXBuildFile; fileRef = 0961F0012C1F835F002FC40B /* SearchBar.swift */; };
		09689F4F2C20AAF400BAC13A /* UserDefaultsService.swift in Sources */ = {isa = PBXBuildFile; fileRef = 09689F4E2C20AAF400BAC13A /* UserDefaultsService.swift */; };
		09689F512C20C45100BAC13A /* FoodItemDetailsView.swift in Sources */ = {isa = PBXBuildFile; fileRef = 09689F502C20C45100BAC13A /* FoodItemDetailsView.swift */; };
		09A44FE12C1F1F20004E47F9 /* LittleLemonApp.xcdatamodeld in Sources */ = {isa = PBXBuildFile; fileRef = 09A44FDF2C1F1F20004E47F9 /* LittleLemonApp.xcdatamodeld */; };
		09A44FE42C1F1F7D004E47F9 /* Dish+CoreDataClass.swift in Sources */ = {isa = PBXBuildFile; fileRef = 09A44FE22C1F1F7D004E47F9 /* Dish+CoreDataClass.swift */; };
		09A44FE52C1F1F7D004E47F9 /* Dish+CoreDataProperties.swift in Sources */ = {isa = PBXBuildFile; fileRef = 09A44FE32C1F1F7D004E47F9 /* Dish+CoreDataProperties.swift */; };
		09E711042C1DE7D700B50546 /* LittleLemonAppApp.swift in Sources */ = {isa = PBXBuildFile; fileRef = 09E711032C1DE7D700B50546 /* LittleLemonAppApp.swift */; };
		09E7111A2C1DE7D800B50546 /* LittleLemonAppTests.swift in Sources */ = {isa = PBXBuildFile; fileRef = 09E711192C1DE7D800B50546 /* LittleLemonAppTests.swift */; };
		09F96DC02C1DED3C00DD6107 /* Assets.xcassets in Resources */ = {isa = PBXBuildFile; fileRef = 09F96DB82C1DED3C00DD6107 /* Assets.xcassets */; };
		09F96DC82C1DF3C800DD6107 /* LittleLemonService.swift in Sources */ = {isa = PBXBuildFile; fileRef = 09F96DC72C1DF3C800DD6107 /* LittleLemonService.swift */; };
		09F96DD82C1E038000DD6107 /* FetchedObjects.swift in Sources */ = {isa = PBXBuildFile; fileRef = 09F96DCC2C1E038000DD6107 /* FetchedObjects.swift */; };
		09F96DDA2C1E038000DD6107 /* Persistence.swift in Sources */ = {isa = PBXBuildFile; fileRef = 09F96DCE2C1E038000DD6107 /* Persistence.swift */; };
		09F96DE92C1E04D700DD6107 /* MenuItem.swift in Sources */ = {isa = PBXBuildFile; fileRef = 09F96DE62C1E04D700DD6107 /* MenuItem.swift */; };
		09F96DEC2C1E051400DD6107 /* FoodItemView.swift in Sources */ = {isa = PBXBuildFile; fileRef = 09F96DEB2C1E051400DD6107 /* FoodItemView.swift */; };
		09F96DEE2C1E051F00DD6107 /* FoodMenuListModel.swift in Sources */ = {isa = PBXBuildFile; fileRef = 09F96DED2C1E051F00DD6107 /* FoodMenuListModel.swift */; };
		09F96DF02C1E053800DD6107 /* FoodMenuList.swift in Sources */ = {isa = PBXBuildFile; fileRef = 09F96DEF2C1E053800DD6107 /* FoodMenuList.swift */; };
		09F96DF32C1E061200DD6107 /* LitttleLemonLogo.swift in Sources */ = {isa = PBXBuildFile; fileRef = 09F96DF22C1E061200DD6107 /* LitttleLemonLogo.swift */; };
		09F96DF52C1EC4EB00DD6107 /* RootView.swift in Sources */ = {isa = PBXBuildFile; fileRef = 09F96DF42C1EC4EB00DD6107 /* RootView.swift */; };
		09F96DF72C1EC56400DD6107 /* MainView.swift in Sources */ = {isa = PBXBuildFile; fileRef = 09F96DF62C1EC56400DD6107 /* MainView.swift */; };
		09F96DF92C1EC63800DD6107 /* Header.swift in Sources */ = {isa = PBXBuildFile; fileRef = 09F96DF82C1EC63800DD6107 /* Header.swift */; };
		09F96DFB2C1EC67500DD6107 /* UserProfile.swift in Sources */ = {isa = PBXBuildFile; fileRef = 09F96DFA2C1EC67500DD6107 /* UserProfile.swift */; };
		09F96DFD2C1EC6AA00DD6107 /* OnboardingView.swift in Sources */ = {isa = PBXBuildFile; fileRef = 09F96DFC2C1EC6AA00DD6107 /* OnboardingView.swift */; };
		09F96DFF2C1EC6C000DD6107 /* Hero.swift in Sources */ = {isa = PBXBuildFile; fileRef = 09F96DFE2C1EC6C000DD6107 /* Hero.swift */; };
		09F96E012C1EC9F600DD6107 /* OnboardingViewModel.swift in Sources */ = {isa = PBXBuildFile; fileRef = 09F96E002C1EC9F600DD6107 /* OnboardingViewModel.swift */; };
		09F96E032C1ED81600DD6107 /* Dish+Extensions.swift in Sources */ = {isa = PBXBuildFile; fileRef = 09F96E022C1ED81600DD6107 /* Dish+Extensions.swift */; };
		09F96E052C1EDC3600DD6107 /* Menu.swift in Sources */ = {isa = PBXBuildFile; fileRef = 09F96E042C1EDC3600DD6107 /* Menu.swift */; };
		09F96E092C1EE97F00DD6107 /* ProfileImageButton.swift in Sources */ = {isa = PBXBuildFile; fileRef = 09F96E082C1EE97F00DD6107 /* ProfileImageButton.swift */; };
		09F96E0B2C1EEB6A00DD6107 /* LogoImageView.swift in Sources */ = {isa = PBXBuildFile; fileRef = 09F96E0A2C1EEB6A00DD6107 /* LogoImageView.swift */; };
		09F96E0D2C1EF1E400DD6107 /* Image+Extensions.swift in Sources */ = {isa = PBXBuildFile; fileRef = 09F96E0C2C1EF1E400DD6107 /* Image+Extensions.swift */; };
		09F96E0F2C1EF81A00DD6107 /* Styles.swift in Sources */ = {isa = PBXBuildFile; fileRef = 09F96E0E2C1EF81900DD6107 /* Styles.swift */; };
/* End PBXBuildFile section */

/* Begin PBXContainerItemProxy section */
		09E711162C1DE7D800B50546 /* PBXContainerItemProxy */ = {
			isa = PBXContainerItemProxy;
			containerPortal = 09E710F82C1DE7D700B50546 /* Project object */;
			proxyType = 1;
			remoteGlobalIDString = 09E710FF2C1DE7D700B50546;
			remoteInfo = LittleLemonApp;
		};
		09E711202C1DE7D800B50546 /* PBXContainerItemProxy */ = {
			isa = PBXContainerItemProxy;
			containerPortal = 09E710F82C1DE7D700B50546 /* Project object */;
			proxyType = 1;
			remoteGlobalIDString = 09E710FF2C1DE7D700B50546;
			remoteInfo = LittleLemonApp;
		};
/* End PBXContainerItemProxy section */

/* Begin PBXFileReference section */
		0961EFB92C1F440B002FC40B /* Category.swift */ = {isa = PBXFileReference; lastKnownFileType = sourcecode.swift; path = Category.swift; sourceTree = "<group>"; };
		0961EFBB2C1F4421002FC40B /* CategoriesViewModel.swift */ = {isa = PBXFileReference; lastKnownFileType = sourcecode.swift; path = CategoriesViewModel.swift; sourceTree = "<group>"; };
		0961EFBD2C1F4433002FC40B /* CategoriesView.swift */ = {isa = PBXFileReference; lastKnownFileType = sourcecode.swift; path = CategoriesView.swift; sourceTree = "<group>"; };
		0961EFBF2C1F4702002FC40B /* CategoryButton.swift */ = {isa = PBXFileReference; lastKnownFileType = sourcecode.swift; path = CategoryButton.swift; sourceTree = "<group>"; };
		0961EFC42C1F4EB6002FC40B /* SectionTitleView.swift */ = {isa = PBXFileReference; lastKnownFileType = sourcecode.swift; path = SectionTitleView.swift; sourceTree = "<group>"; };
		0961F0012C1F835F002FC40B /* SearchBar.swift */ = {isa = PBXFileReference; lastKnownFileType = sourcecode.swift; path = SearchBar.swift; sourceTree = "<group>"; };
		09689F4E2C20AAF400BAC13A /* UserDefaultsService.swift */ = {isa = PBXFileReference; lastKnownFileType = sourcecode.swift; path = UserDefaultsService.swift; sourceTree = "<group>"; };
		09689F502C20C45100BAC13A /* FoodItemDetailsView.swift */ = {isa = PBXFileReference; lastKnownFileType = sourcecode.swift; path = FoodItemDetailsView.swift; sourceTree = "<group>"; };
		09A44FE02C1F1F20004E47F9 /* ExampleDatabase.xcdatamodel */ = {isa = PBXFileReference; lastKnownFileType = wrapper.xcdatamodel; path = ExampleDatabase.xcdatamodel; sourceTree = "<group>"; };
		09A44FE22C1F1F7D004E47F9 /* Dish+CoreDataClass.swift */ = {isa = PBXFileReference; lastKnownFileType = sourcecode.swift; path = "Dish+CoreDataClass.swift"; sourceTree = "<group>"; };
		09A44FE32C1F1F7D004E47F9 /* Dish+CoreDataProperties.swift */ = {isa = PBXFileReference; lastKnownFileType = sourcecode.swift; path = "Dish+CoreDataProperties.swift"; sourceTree = "<group>"; };
		09E711002C1DE7D700B50546 /* LittleLemonApp.app */ = {isa = PBXFileReference; explicitFileType = wrapper.application; includeInIndex = 0; path = LittleLemonApp.app; sourceTree = BUILT_PRODUCTS_DIR; };
		09E711032C1DE7D700B50546 /* LittleLemonAppApp.swift */ = {isa = PBXFileReference; lastKnownFileType = sourcecode.swift; path = LittleLemonAppApp.swift; sourceTree = "<group>"; };
		09E711152C1DE7D800B50546 /* LittleLemonAppTests.xctest */ = {isa = PBXFileReference; explicitFileType = wrapper.cfbundle; includeInIndex = 0; path = LittleLemonAppTests.xctest; sourceTree = BUILT_PRODUCTS_DIR; };
		09E711192C1DE7D800B50546 /* LittleLemonAppTests.swift */ = {isa = PBXFileReference; lastKnownFileType = sourcecode.swift; path = LittleLemonAppTests.swift; sourceTree = "<group>"; };
		09E7111F2C1DE7D800B50546 /* LittleLemonAppUITests.xctest */ = {isa = PBXFileReference; explicitFileType = wrapper.cfbundle; includeInIndex = 0; path = LittleLemonAppUITests.xctest; sourceTree = BUILT_PRODUCTS_DIR; };
		09F96DB82C1DED3C00DD6107 /* Assets.xcassets */ = {isa = PBXFileReference; lastKnownFileType = folder.assetcatalog; path = Assets.xcassets; sourceTree = "<group>"; };
		09F96DC72C1DF3C800DD6107 /* LittleLemonService.swift */ = {isa = PBXFileReference; lastKnownFileType = sourcecode.swift; path = LittleLemonService.swift; sourceTree = "<group>"; };
		09F96DCC2C1E038000DD6107 /* FetchedObjects.swift */ = {isa = PBXFileReference; fileEncoding = 4; lastKnownFileType = sourcecode.swift; path = FetchedObjects.swift; sourceTree = "<group>"; };
		09F96DCE2C1E038000DD6107 /* Persistence.swift */ = {isa = PBXFileReference; fileEncoding = 4; lastKnownFileType = sourcecode.swift; path = Persistence.swift; sourceTree = "<group>"; };
		09F96DE62C1E04D700DD6107 /* MenuItem.swift */ = {isa = PBXFileReference; fileEncoding = 4; lastKnownFileType = sourcecode.swift; path = MenuItem.swift; sourceTree = "<group>"; };
		09F96DEB2C1E051400DD6107 /* FoodItemView.swift */ = {isa = PBXFileReference; fileEncoding = 4; lastKnownFileType = sourcecode.swift; path = FoodItemView.swift; sourceTree = "<group>"; };
		09F96DED2C1E051F00DD6107 /* FoodMenuListModel.swift */ = {isa = PBXFileReference; fileEncoding = 4; lastKnownFileType = sourcecode.swift; path = FoodMenuListModel.swift; sourceTree = "<group>"; };
		09F96DEF2C1E053800DD6107 /* FoodMenuList.swift */ = {isa = PBXFileReference; fileEncoding = 4; lastKnownFileType = sourcecode.swift; path = FoodMenuList.swift; sourceTree = "<group>"; };
		09F96DF22C1E061200DD6107 /* LitttleLemonLogo.swift */ = {isa = PBXFileReference; fileEncoding = 4; lastKnownFileType = sourcecode.swift; path = LitttleLemonLogo.swift; sourceTree = "<group>"; };
		09F96DF42C1EC4EB00DD6107 /* RootView.swift */ = {isa = PBXFileReference; lastKnownFileType = sourcecode.swift; path = RootView.swift; sourceTree = "<group>"; };
		09F96DF62C1EC56400DD6107 /* MainView.swift */ = {isa = PBXFileReference; lastKnownFileType = sourcecode.swift; path = MainView.swift; sourceTree = "<group>"; };
		09F96DF82C1EC63800DD6107 /* Header.swift */ = {isa = PBXFileReference; lastKnownFileType = sourcecode.swift; path = Header.swift; sourceTree = "<group>"; };
		09F96DFA2C1EC67500DD6107 /* UserProfile.swift */ = {isa = PBXFileReference; lastKnownFileType = sourcecode.swift; path = UserProfile.swift; sourceTree = "<group>"; };
		09F96DFC2C1EC6AA00DD6107 /* OnboardingView.swift */ = {isa = PBXFileReference; lastKnownFileType = sourcecode.swift; path = OnboardingView.swift; sourceTree = "<group>"; };
		09F96DFE2C1EC6C000DD6107 /* Hero.swift */ = {isa = PBXFileReference; lastKnownFileType = sourcecode.swift; path = Hero.swift; sourceTree = "<group>"; };
		09F96E002C1EC9F600DD6107 /* OnboardingViewModel.swift */ = {isa = PBXFileReference; lastKnownFileType = sourcecode.swift; path = OnboardingViewModel.swift; sourceTree = "<group>"; };
		09F96E022C1ED81600DD6107 /* Dish+Extensions.swift */ = {isa = PBXFileReference; lastKnownFileType = sourcecode.swift; path = "Dish+Extensions.swift"; sourceTree = "<group>"; };
		09F96E042C1EDC3600DD6107 /* Menu.swift */ = {isa = PBXFileReference; lastKnownFileType = sourcecode.swift; path = Menu.swift; sourceTree = "<group>"; };
		09F96E082C1EE97F00DD6107 /* ProfileImageButton.swift */ = {isa = PBXFileReference; lastKnownFileType = sourcecode.swift; path = ProfileImageButton.swift; sourceTree = "<group>"; };
		09F96E0A2C1EEB6A00DD6107 /* LogoImageView.swift */ = {isa = PBXFileReference; lastKnownFileType = sourcecode.swift; path = LogoImageView.swift; sourceTree = "<group>"; };
		09F96E0C2C1EF1E400DD6107 /* Image+Extensions.swift */ = {isa = PBXFileReference; lastKnownFileType = sourcecode.swift; path = "Image+Extensions.swift"; sourceTree = "<group>"; };
		09F96E0E2C1EF81900DD6107 /* Styles.swift */ = {isa = PBXFileReference; fileEncoding = 4; lastKnownFileType = sourcecode.swift; path = Styles.swift; sourceTree = "<group>"; };
/* End PBXFileReference section */

/* Begin PBXFrameworksBuildPhase section */
		09E710FD2C1DE7D700B50546 /* Frameworks */ = {
			isa = PBXFrameworksBuildPhase;
			buildActionMask = 2147483647;
			files = (
			);
			runOnlyForDeploymentPostprocessing = 0;
		};
		09E711122C1DE7D800B50546 /* Frameworks */ = {
			isa = PBXFrameworksBuildPhase;
			buildActionMask = 2147483647;
			files = (
			);
			runOnlyForDeploymentPostprocessing = 0;
		};
		09E7111C2C1DE7D800B50546 /* Frameworks */ = {
			isa = PBXFrameworksBuildPhase;
			buildActionMask = 2147483647;
			files = (
			);
			runOnlyForDeploymentPostprocessing = 0;
		};
/* End PBXFrameworksBuildPhase section */

/* Begin PBXGroup section */
		0961EFC32C1F4B16002FC40B /* Category */ = {
			isa = PBXGroup;
			children = (
				0961EFBD2C1F4433002FC40B /* CategoriesView.swift */,
				0961EFBB2C1F4421002FC40B /* CategoriesViewModel.swift */,
				0961EFBF2C1F4702002FC40B /* CategoryButton.swift */,
				0961EFB92C1F440B002FC40B /* Category.swift */,
			);
			path = Category;
			sourceTree = "<group>";
		};
		09E710F72C1DE7D700B50546 = {
			isa = PBXGroup;
			children = (
				09F96E0E2C1EF81900DD6107 /* Styles.swift */,
				09F96DF42C1EC4EB00DD6107 /* RootView.swift */,
				0961EFC42C1F4EB6002FC40B /* SectionTitleView.swift */,
				09F96DF62C1EC56400DD6107 /* MainView.swift */,
				0961F0012C1F835F002FC40B /* SearchBar.swift */,
				09689F4E2C20AAF400BAC13A /* UserDefaultsService.swift */,
				09F96DF82C1EC63800DD6107 /* Header.swift */,
				0961EFC32C1F4B16002FC40B /* Category */,
				09F96E0A2C1EEB6A00DD6107 /* LogoImageView.swift */,
				09F96E082C1EE97F00DD6107 /* ProfileImageButton.swift */,
				09F96E0C2C1EF1E400DD6107 /* Image+Extensions.swift */,
				09F96DFA2C1EC67500DD6107 /* UserProfile.swift */,
				09F96DFC2C1EC6AA00DD6107 /* OnboardingView.swift */,
				09F96E002C1EC9F600DD6107 /* OnboardingViewModel.swift */,
				09F96DFE2C1EC6C000DD6107 /* Hero.swift */,
				09E711032C1DE7D700B50546 /* LittleLemonAppApp.swift */,
				09E711022C1DE7D700B50546 /* LittleLemonApp */,
				09E711182C1DE7D800B50546 /* LittleLemonAppTests */,
				09E711012C1DE7D700B50546 /* Products */,
			);
			sourceTree = "<group>";
		};
		09E711012C1DE7D700B50546 /* Products */ = {
			isa = PBXGroup;
			children = (
				09E711002C1DE7D700B50546 /* LittleLemonApp.app */,
				09E711152C1DE7D800B50546 /* LittleLemonAppTests.xctest */,
				09E7111F2C1DE7D800B50546 /* LittleLemonAppUITests.xctest */,
			);
			name = Products;
			sourceTree = "<group>";
		};
		09E711022C1DE7D700B50546 /* LittleLemonApp */ = {
			isa = PBXGroup;
			children = (
				09F96DF12C1E060A00DD6107 /* Common */,
				09F96DE32C1E04D700DD6107 /* Menu */,
				09F96DCB2C1E038000DD6107 /* CoreData */,
				09F96DC62C1DF32700DD6107 /* Services */,
				09F96DB72C1DED3C00DD6107 /* Resources */,
			);
			path = LittleLemonApp;
			sourceTree = "<group>";
		};
		09E711182C1DE7D800B50546 /* LittleLemonAppTests */ = {
			isa = PBXGroup;
			children = (
				09E711192C1DE7D800B50546 /* LittleLemonAppTests.swift */,
			);
			path = LittleLemonAppTests;
			sourceTree = "<group>";
		};
		09F96DB72C1DED3C00DD6107 /* Resources */ = {
			isa = PBXGroup;
			children = (
				09F96DB82C1DED3C00DD6107 /* Assets.xcassets */,
			);
			path = Resources;
			sourceTree = "<group>";
		};
		09F96DC62C1DF32700DD6107 /* Services */ = {
			isa = PBXGroup;
			children = (
				09F96DC72C1DF3C800DD6107 /* LittleLemonService.swift */,
			);
			path = Services;
			sourceTree = "<group>";
		};
		09F96DCB2C1E038000DD6107 /* CoreData */ = {
			isa = PBXGroup;
			children = (
				09A44FDF2C1F1F20004E47F9 /* LittleLemonApp.xcdatamodeld */,
				09A44FE22C1F1F7D004E47F9 /* Dish+CoreDataClass.swift */,
				09A44FE32C1F1F7D004E47F9 /* Dish+CoreDataProperties.swift */,
				09F96DCC2C1E038000DD6107 /* FetchedObjects.swift */,
				09F96DCE2C1E038000DD6107 /* Persistence.swift */,
			);
			path = CoreData;
			sourceTree = "<group>";
		};
		09F96DE32C1E04D700DD6107 /* Menu */ = {
			isa = PBXGroup;
			children = (
				09F96DE42C1E04D700DD6107 /* ViewModels */,
				09F96DE52C1E04D700DD6107 /* Models */,
				09F96DE72C1E04D700DD6107 /* Views */,
			);
			path = Menu;
			sourceTree = "<group>";
		};
		09F96DE42C1E04D700DD6107 /* ViewModels */ = {
			isa = PBXGroup;
			children = (
				09F96DED2C1E051F00DD6107 /* FoodMenuListModel.swift */,
			);
			path = ViewModels;
			sourceTree = "<group>";
		};
		09F96DE52C1E04D700DD6107 /* Models */ = {
			isa = PBXGroup;
			children = (
				09F96DE62C1E04D700DD6107 /* MenuItem.swift */,
				09F96E042C1EDC3600DD6107 /* Menu.swift */,
				09F96E022C1ED81600DD6107 /* Dish+Extensions.swift */,
			);
			path = Models;
			sourceTree = "<group>";
		};
		09F96DE72C1E04D700DD6107 /* Views */ = {
			isa = PBXGroup;
			children = (
				09F96DEF2C1E053800DD6107 /* FoodMenuList.swift */,
				09F96DEB2C1E051400DD6107 /* FoodItemView.swift */,
				09689F502C20C45100BAC13A /* FoodItemDetailsView.swift */,
			);
			path = Views;
			sourceTree = "<group>";
		};
		09F96DF12C1E060A00DD6107 /* Common */ = {
			isa = PBXGroup;
			children = (
				09F96DF22C1E061200DD6107 /* LitttleLemonLogo.swift */,
			);
			path = Common;
			sourceTree = "<group>";
		};
/* End PBXGroup section */

/* Begin PBXNativeTarget section */
		09E710FF2C1DE7D700B50546 /* LittleLemonApp */ = {
			isa = PBXNativeTarget;
			buildConfigurationList = 09E711292C1DE7D800B50546 /* Build configuration list for PBXNativeTarget "LittleLemonApp" */;
			buildPhases = (
				09E710FC2C1DE7D700B50546 /* Sources */,
				09E710FD2C1DE7D700B50546 /* Frameworks */,
				09E710FE2C1DE7D700B50546 /* Resources */,
			);
			buildRules = (
			);
			dependencies = (
			);
			name = LittleLemonApp;
			productName = LittleLemonApp;
			productReference = 09E711002C1DE7D700B50546 /* LittleLemonApp.app */;
			productType = "com.apple.product-type.application";
		};
		09E711142C1DE7D800B50546 /* LittleLemonAppTests */ = {
			isa = PBXNativeTarget;
			buildConfigurationList = 09E7112C2C1DE7D800B50546 /* Build configuration list for PBXNativeTarget "LittleLemonAppTests" */;
			buildPhases = (
				09E711112C1DE7D800B50546 /* Sources */,
				09E711122C1DE7D800B50546 /* Frameworks */,
				09E711132C1DE7D800B50546 /* Resources */,
			);
			buildRules = (
			);
			dependencies = (
				09E711172C1DE7D800B50546 /* PBXTargetDependency */,
			);
			name = LittleLemonAppTests;
			productName = LittleLemonAppTests;
			productReference = 09E711152C1DE7D800B50546 /* LittleLemonAppTests.xctest */;
			productType = "com.apple.product-type.bundle.unit-test";
		};
		09E7111E2C1DE7D800B50546 /* LittleLemonAppUITests */ = {
			isa = PBXNativeTarget;
			buildConfigurationList = 09E7112F2C1DE7D800B50546 /* Build configuration list for PBXNativeTarget "LittleLemonAppUITests" */;
			buildPhases = (
				09E7111B2C1DE7D800B50546 /* Sources */,
				09E7111C2C1DE7D800B50546 /* Frameworks */,
				09E7111D2C1DE7D800B50546 /* Resources */,
			);
			buildRules = (
			);
			dependencies = (
				09E711212C1DE7D800B50546 /* PBXTargetDependency */,
			);
			name = LittleLemonAppUITests;
			productName = LittleLemonAppUITests;
			productReference = 09E7111F2C1DE7D800B50546 /* LittleLemonAppUITests.xctest */;
			productType = "com.apple.product-type.bundle.ui-testing";
		};
/* End PBXNativeTarget section */

/* Begin PBXProject section */
		09E710F82C1DE7D700B50546 /* Project object */ = {
			isa = PBXProject;
			attributes = {
				BuildIndependentTargetsInParallel = 1;
				LastSwiftUpdateCheck = 1520;
				LastUpgradeCheck = 1520;
				TargetAttributes = {
					09E710FF2C1DE7D700B50546 = {
						CreatedOnToolsVersion = 15.2;
					};
					09E711142C1DE7D800B50546 = {
						CreatedOnToolsVersion = 15.2;
						TestTargetID = 09E710FF2C1DE7D700B50546;
					};
					09E7111E2C1DE7D800B50546 = {
						CreatedOnToolsVersion = 15.2;
						TestTargetID = 09E710FF2C1DE7D700B50546;
					};
				};
			};
			buildConfigurationList = 09E710FB2C1DE7D700B50546 /* Build configuration list for PBXProject "LittleLemonApp" */;
			compatibilityVersion = "Xcode 14.0";
			developmentRegion = en;
			hasScannedForEncodings = 0;
			knownRegions = (
				en,
				Base,
			);
			mainGroup = 09E710F72C1DE7D700B50546;
			productRefGroup = 09E711012C1DE7D700B50546 /* Products */;
			projectDirPath = "";
			projectRoot = "";
			targets = (
				09E710FF2C1DE7D700B50546 /* LittleLemonApp */,
				09E711142C1DE7D800B50546 /* LittleLemonAppTests */,
				09E7111E2C1DE7D800B50546 /* LittleLemonAppUITests */,
			);
		};
/* End PBXProject section */

/* Begin PBXResourcesBuildPhase section */
		09E710FE2C1DE7D700B50546 /* Resources */ = {
			isa = PBXResourcesBuildPhase;
			buildActionMask = 2147483647;
			files = (
				09F96DC02C1DED3C00DD6107 /* Assets.xcassets in Resources */,
			);
			runOnlyForDeploymentPostprocessing = 0;
		};
		09E711132C1DE7D800B50546 /* Resources */ = {
			isa = PBXResourcesBuildPhase;
			buildActionMask = 2147483647;
			files = (
			);
			runOnlyForDeploymentPostprocessing = 0;
		};
		09E7111D2C1DE7D800B50546 /* Resources */ = {
			isa = PBXResourcesBuildPhase;
			buildActionMask = 2147483647;
			files = (
			);
			runOnlyForDeploymentPostprocessing = 0;
		};
/* End PBXResourcesBuildPhase section */

/* Begin PBXSourcesBuildPhase section */
		09E710FC2C1DE7D700B50546 /* Sources */ = {
			isa = PBXSourcesBuildPhase;
			buildActionMask = 2147483647;
			files = (
				09F96E012C1EC9F600DD6107 /* OnboardingViewModel.swift in Sources */,
				09F96E0D2C1EF1E400DD6107 /* Image+Extensions.swift in Sources */,
				09F96DDA2C1E038000DD6107 /* Persistence.swift in Sources */,
				09A44FE42C1F1F7D004E47F9 /* Dish+CoreDataClass.swift in Sources */,
				09F96E0B2C1EEB6A00DD6107 /* LogoImageView.swift in Sources */,
				0961EFBC2C1F4421002FC40B /* CategoriesViewModel.swift in Sources */,
				09F96E092C1EE97F00DD6107 /* ProfileImageButton.swift in Sources */,
				09F96E032C1ED81600DD6107 /* Dish+Extensions.swift in Sources */,
				09F96E052C1EDC3600DD6107 /* Menu.swift in Sources */,
				09F96E0F2C1EF81A00DD6107 /* Styles.swift in Sources */,
				09F96DF52C1EC4EB00DD6107 /* RootView.swift in Sources */,
				09689F4F2C20AAF400BAC13A /* UserDefaultsService.swift in Sources */,
				09E711042C1DE7D700B50546 /* LittleLemonAppApp.swift in Sources */,
				09F96DE92C1E04D700DD6107 /* MenuItem.swift in Sources */,
				09F96DC82C1DF3C800DD6107 /* LittleLemonService.swift in Sources */,
				09F96DF92C1EC63800DD6107 /* Header.swift in Sources */,
				0961EFBE2C1F4433002FC40B /* CategoriesView.swift in Sources */,
				09A44FE52C1F1F7D004E47F9 /* Dish+CoreDataProperties.swift in Sources */,
				09F96DFF2C1EC6C000DD6107 /* Hero.swift in Sources */,
				09F96DD82C1E038000DD6107 /* FetchedObjects.swift in Sources */,
				09F96DEC2C1E051400DD6107 /* FoodItemView.swift in Sources */,
				0961F0022C1F835F002FC40B /* SearchBar.swift in Sources */,
				0961EFC02C1F4702002FC40B /* CategoryButton.swift in Sources */,
				09F96DF72C1EC56400DD6107 /* MainView.swift in Sources */,
				09689F512C20C45100BAC13A /* FoodItemDetailsView.swift in Sources */,
				09F96DEE2C1E051F00DD6107 /* FoodMenuListModel.swift in Sources */,
				09F96DFB2C1EC67500DD6107 /* UserProfile.swift in Sources */,
				09F96DF32C1E061200DD6107 /* LitttleLemonLogo.swift in Sources */,
				0961EFBA2C1F440B002FC40B /* Category.swift in Sources */,
				09F96DFD2C1EC6AA00DD6107 /* OnboardingView.swift in Sources */,
				09F96DF02C1E053800DD6107 /* FoodMenuList.swift in Sources */,
				0961EFC52C1F4EB6002FC40B /* SectionTitleView.swift in Sources */,
				09A44FE12C1F1F20004E47F9 /* LittleLemonApp.xcdatamodeld in Sources */,
			);
			runOnlyForDeploymentPostprocessing = 0;
		};
		09E711112C1DE7D800B50546 /* Sources */ = {
			isa = PBXSourcesBuildPhase;
			buildActionMask = 2147483647;
			files = (
				09E7111A2C1DE7D800B50546 /* LittleLemonAppTests.swift in Sources */,
			);
			runOnlyForDeploymentPostprocessing = 0;
		};
		09E7111B2C1DE7D800B50546 /* Sources */ = {
			isa = PBXSourcesBuildPhase;
			buildActionMask = 2147483647;
			files = (
			);
			runOnlyForDeploymentPostprocessing = 0;
		};
/* End PBXSourcesBuildPhase section */

/* Begin PBXTargetDependency section */
		09E711172C1DE7D800B50546 /* PBXTargetDependency */ = {
			isa = PBXTargetDependency;
			target = 09E710FF2C1DE7D700B50546 /* LittleLemonApp */;
			targetProxy = 09E711162C1DE7D800B50546 /* PBXContainerItemProxy */;
		};
		09E711212C1DE7D800B50546 /* PBXTargetDependency */ = {
			isa = PBXTargetDependency;
			target = 09E710FF2C1DE7D700B50546 /* LittleLemonApp */;
			targetProxy = 09E711202C1DE7D800B50546 /* PBXContainerItemProxy */;
		};
/* End PBXTargetDependency section */

/* Begin XCBuildConfiguration section */
		09E711272C1DE7D800B50546 /* Debug */ = {
			isa = XCBuildConfiguration;
			buildSettings = {
				ALWAYS_SEARCH_USER_PATHS = NO;
				ASSETCATALOG_COMPILER_GENERATE_SWIFT_ASSET_SYMBOL_EXTENSIONS = YES;
				CLANG_ANALYZER_NONNULL = YES;
				CLANG_ANALYZER_NUMBER_OBJECT_CONVERSION = YES_AGGRESSIVE;
				CLANG_CXX_LANGUAGE_STANDARD = "gnu++20";
				CLANG_ENABLE_MODULES = YES;
				CLANG_ENABLE_OBJC_ARC = YES;
				CLANG_ENABLE_OBJC_WEAK = YES;
				CLANG_WARN_BLOCK_CAPTURE_AUTORELEASING = YES;
				CLANG_WARN_BOOL_CONVERSION = YES;
				CLANG_WARN_COMMA = YES;
				CLANG_WARN_CONSTANT_CONVERSION = YES;
				CLANG_WARN_DEPRECATED_OBJC_IMPLEMENTATIONS = YES;
				CLANG_WARN_DIRECT_OBJC_ISA_USAGE = YES_ERROR;
				CLANG_WARN_DOCUMENTATION_COMMENTS = YES;
				CLANG_WARN_EMPTY_BODY = YES;
				CLANG_WARN_ENUM_CONVERSION = YES;
				CLANG_WARN_INFINITE_RECURSION = YES;
				CLANG_WARN_INT_CONVERSION = YES;
				CLANG_WARN_NON_LITERAL_NULL_CONVERSION = YES;
				CLANG_WARN_OBJC_IMPLICIT_RETAIN_SELF = YES;
				CLANG_WARN_OBJC_LITERAL_CONVERSION = YES;
				CLANG_WARN_OBJC_ROOT_CLASS = YES_ERROR;
				CLANG_WARN_QUOTED_INCLUDE_IN_FRAMEWORK_HEADER = YES;
				CLANG_WARN_RANGE_LOOP_ANALYSIS = YES;
				CLANG_WARN_STRICT_PROTOTYPES = YES;
				CLANG_WARN_SUSPICIOUS_MOVE = YES;
				CLANG_WARN_UNGUARDED_AVAILABILITY = YES_AGGRESSIVE;
				CLANG_WARN_UNREACHABLE_CODE = YES;
				CLANG_WARN__DUPLICATE_METHOD_MATCH = YES;
				COPY_PHASE_STRIP = NO;
				DEBUG_INFORMATION_FORMAT = dwarf;
				ENABLE_STRICT_OBJC_MSGSEND = YES;
				ENABLE_TESTABILITY = YES;
				ENABLE_USER_SCRIPT_SANDBOXING = YES;
				GCC_C_LANGUAGE_STANDARD = gnu17;
				GCC_DYNAMIC_NO_PIC = NO;
				GCC_NO_COMMON_BLOCKS = YES;
				GCC_OPTIMIZATION_LEVEL = 0;
				GCC_PREPROCESSOR_DEFINITIONS = (
					"DEBUG=1",
					"$(inherited)",
				);
				GCC_WARN_64_TO_32_BIT_CONVERSION = YES;
				GCC_WARN_ABOUT_RETURN_TYPE = YES_ERROR;
				GCC_WARN_UNDECLARED_SELECTOR = YES;
				GCC_WARN_UNINITIALIZED_AUTOS = YES_AGGRESSIVE;
				GCC_WARN_UNUSED_FUNCTION = YES;
				GCC_WARN_UNUSED_VARIABLE = YES;
				IPHONEOS_DEPLOYMENT_TARGET = 17.2;
				LOCALIZATION_PREFERS_STRING_CATALOGS = YES;
				MTL_ENABLE_DEBUG_INFO = INCLUDE_SOURCE;
				MTL_FAST_MATH = YES;
				ONLY_ACTIVE_ARCH = YES;
				SDKROOT = iphoneos;
				SWIFT_ACTIVE_COMPILATION_CONDITIONS = "DEBUG $(inherited)";
				SWIFT_OPTIMIZATION_LEVEL = "-Onone";
			};
			name = Debug;
		};
		09E711282C1DE7D800B50546 /* Release */ = {
			isa = XCBuildConfiguration;
			buildSettings = {
				ALWAYS_SEARCH_USER_PATHS = NO;
				ASSETCATALOG_COMPILER_GENERATE_SWIFT_ASSET_SYMBOL_EXTENSIONS = YES;
				CLANG_ANALYZER_NONNULL = YES;
				CLANG_ANALYZER_NUMBER_OBJECT_CONVERSION = YES_AGGRESSIVE;
				CLANG_CXX_LANGUAGE_STANDARD = "gnu++20";
				CLANG_ENABLE_MODULES = YES;
				CLANG_ENABLE_OBJC_ARC = YES;
				CLANG_ENABLE_OBJC_WEAK = YES;
				CLANG_WARN_BLOCK_CAPTURE_AUTORELEASING = YES;
				CLANG_WARN_BOOL_CONVERSION = YES;
				CLANG_WARN_COMMA = YES;
				CLANG_WARN_CONSTANT_CONVERSION = YES;
				CLANG_WARN_DEPRECATED_OBJC_IMPLEMENTATIONS = YES;
				CLANG_WARN_DIRECT_OBJC_ISA_USAGE = YES_ERROR;
				CLANG_WARN_DOCUMENTATION_COMMENTS = YES;
				CLANG_WARN_EMPTY_BODY = YES;
				CLANG_WARN_ENUM_CONVERSION = YES;
				CLANG_WARN_INFINITE_RECURSION = YES;
				CLANG_WARN_INT_CONVERSION = YES;
				CLANG_WARN_NON_LITERAL_NULL_CONVERSION = YES;
				CLANG_WARN_OBJC_IMPLICIT_RETAIN_SELF = YES;
				CLANG_WARN_OBJC_LITERAL_CONVERSION = YES;
				CLANG_WARN_OBJC_ROOT_CLASS = YES_ERROR;
				CLANG_WARN_QUOTED_INCLUDE_IN_FRAMEWORK_HEADER = YES;
				CLANG_WARN_RANGE_LOOP_ANALYSIS = YES;
				CLANG_WARN_STRICT_PROTOTYPES = YES;
				CLANG_WARN_SUSPICIOUS_MOVE = YES;
				CLANG_WARN_UNGUARDED_AVAILABILITY = YES_AGGRESSIVE;
				CLANG_WARN_UNREACHABLE_CODE = YES;
				CLANG_WARN__DUPLICATE_METHOD_MATCH = YES;
				COPY_PHASE_STRIP = NO;
				DEBUG_INFORMATION_FORMAT = "dwarf-with-dsym";
				ENABLE_NS_ASSERTIONS = NO;
				ENABLE_STRICT_OBJC_MSGSEND = YES;
				ENABLE_USER_SCRIPT_SANDBOXING = YES;
				GCC_C_LANGUAGE_STANDARD = gnu17;
				GCC_NO_COMMON_BLOCKS = YES;
				GCC_WARN_64_TO_32_BIT_CONVERSION = YES;
				GCC_WARN_ABOUT_RETURN_TYPE = YES_ERROR;
				GCC_WARN_UNDECLARED_SELECTOR = YES;
				GCC_WARN_UNINITIALIZED_AUTOS = YES_AGGRESSIVE;
				GCC_WARN_UNUSED_FUNCTION = YES;
				GCC_WARN_UNUSED_VARIABLE = YES;
				IPHONEOS_DEPLOYMENT_TARGET = 17.2;
				LOCALIZATION_PREFERS_STRING_CATALOGS = YES;
				MTL_ENABLE_DEBUG_INFO = NO;
				MTL_FAST_MATH = YES;
				SDKROOT = iphoneos;
				SWIFT_COMPILATION_MODE = wholemodule;
				VALIDATE_PRODUCT = YES;
			};
			name = Release;
		};
		09E7112A2C1DE7D800B50546 /* Debug */ = {
			isa = XCBuildConfiguration;
			buildSettings = {
				ASSETCATALOG_COMPILER_APPICON_NAME = AppIcon;
				ASSETCATALOG_COMPILER_GLOBAL_ACCENT_COLOR_NAME = AccentColor;
				CODE_SIGN_STYLE = Automatic;
				CURRENT_PROJECT_VERSION = 1;
				ENABLE_PREVIEWS = YES;
				GENERATE_INFOPLIST_FILE = YES;
				INFOPLIST_KEY_UIApplicationSceneManifest_Generation = YES;
				INFOPLIST_KEY_UIApplicationSupportsIndirectInputEvents = YES;
				INFOPLIST_KEY_UILaunchScreen_Generation = YES;
				INFOPLIST_KEY_UISupportedInterfaceOrientations_iPad = "UIInterfaceOrientationPortrait UIInterfaceOrientationPortraitUpsideDown UIInterfaceOrientationLandscapeLeft UIInterfaceOrientationLandscapeRight";
				INFOPLIST_KEY_UISupportedInterfaceOrientations_iPhone = "UIInterfaceOrientationPortrait UIInterfaceOrientationLandscapeLeft UIInterfaceOrientationLandscapeRight";
				LD_RUNPATH_SEARCH_PATHS = (
					"$(inherited)",
					"@executable_path/Frameworks",
				);
				MARKETING_VERSION = 1.0;
				PRODUCT_BUNDLE_IDENTIFIER = com.little.lemon.LittleLemonApp;
				PRODUCT_NAME = "$(TARGET_NAME)";
				SWIFT_EMIT_LOC_STRINGS = YES;
				SWIFT_VERSION = 5.0;
				TARGETED_DEVICE_FAMILY = "1,2";
			};
			name = Debug;
		};
		09E7112B2C1DE7D800B50546 /* Release */ = {
			isa = XCBuildConfiguration;
			buildSettings = {
				ASSETCATALOG_COMPILER_APPICON_NAME = AppIcon;
				ASSETCATALOG_COMPILER_GLOBAL_ACCENT_COLOR_NAME = AccentColor;
				CODE_SIGN_STYLE = Automatic;
				CURRENT_PROJECT_VERSION = 1;
				ENABLE_PREVIEWS = YES;
				GENERATE_INFOPLIST_FILE = YES;
				INFOPLIST_KEY_UIApplicationSceneManifest_Generation = YES;
				INFOPLIST_KEY_UIApplicationSupportsIndirectInputEvents = YES;
				INFOPLIST_KEY_UILaunchScreen_Generation = YES;
				INFOPLIST_KEY_UISupportedInterfaceOrientations_iPad = "UIInterfaceOrientationPortrait UIInterfaceOrientationPortraitUpsideDown UIInterfaceOrientationLandscapeLeft UIInterfaceOrientationLandscapeRight";
				INFOPLIST_KEY_UISupportedInterfaceOrientations_iPhone = "UIInterfaceOrientationPortrait UIInterfaceOrientationLandscapeLeft UIInterfaceOrientationLandscapeRight";
				LD_RUNPATH_SEARCH_PATHS = (
					"$(inherited)",
					"@executable_path/Frameworks",
				);
				MARKETING_VERSION = 1.0;
				PRODUCT_BUNDLE_IDENTIFIER = com.little.lemon.LittleLemonApp;
				PRODUCT_NAME = "$(TARGET_NAME)";
				SWIFT_EMIT_LOC_STRINGS = YES;
				SWIFT_VERSION = 5.0;
				TARGETED_DEVICE_FAMILY = "1,2";
			};
			name = Release;
		};
		09E7112D2C1DE7D800B50546 /* Debug */ = {
			isa = XCBuildConfiguration;
			buildSettings = {
				ALWAYS_EMBED_SWIFT_STANDARD_LIBRARIES = YES;
				BUNDLE_LOADER = "$(TEST_HOST)";
				CODE_SIGN_STYLE = Automatic;
				CURRENT_PROJECT_VERSION = 1;
				GENERATE_INFOPLIST_FILE = YES;
				IPHONEOS_DEPLOYMENT_TARGET = 17.2;
				MARKETING_VERSION = 1.0;
				PRODUCT_BUNDLE_IDENTIFIER = com.little.lemon.LittleLemonAppTests;
				PRODUCT_NAME = "$(TARGET_NAME)";
				SWIFT_EMIT_LOC_STRINGS = NO;
				SWIFT_VERSION = 5.0;
				TARGETED_DEVICE_FAMILY = "1,2";
				TEST_HOST = "$(BUILT_PRODUCTS_DIR)/LittleLemonApp.app/$(BUNDLE_EXECUTABLE_FOLDER_PATH)/LittleLemonApp";
			};
			name = Debug;
		};
		09E7112E2C1DE7D800B50546 /* Release */ = {
			isa = XCBuildConfiguration;
			buildSettings = {
				ALWAYS_EMBED_SWIFT_STANDARD_LIBRARIES = YES;
				BUNDLE_LOADER = "$(TEST_HOST)";
				CODE_SIGN_STYLE = Automatic;
				CURRENT_PROJECT_VERSION = 1;
				GENERATE_INFOPLIST_FILE = YES;
				IPHONEOS_DEPLOYMENT_TARGET = 17.2;
				MARKETING_VERSION = 1.0;
				PRODUCT_BUNDLE_IDENTIFIER = com.little.lemon.LittleLemonAppTests;
				PRODUCT_NAME = "$(TARGET_NAME)";
				SWIFT_EMIT_LOC_STRINGS = NO;
				SWIFT_VERSION = 5.0;
				TARGETED_DEVICE_FAMILY = "1,2";
				TEST_HOST = "$(BUILT_PRODUCTS_DIR)/LittleLemonApp.app/$(BUNDLE_EXECUTABLE_FOLDER_PATH)/LittleLemonApp";
			};
			name = Release;
		};
		09E711302C1DE7D800B50546 /* Debug */ = {
			isa = XCBuildConfiguration;
			buildSettings = {
				ALWAYS_EMBED_SWIFT_STANDARD_LIBRARIES = YES;
				CODE_SIGN_STYLE = Automatic;
				CURRENT_PROJECT_VERSION = 1;
				GENERATE_INFOPLIST_FILE = YES;
				MARKETING_VERSION = 1.0;
				PRODUCT_BUNDLE_IDENTIFIER = com.little.lemon.LittleLemonAppUITests;
				PRODUCT_NAME = "$(TARGET_NAME)";
				SWIFT_EMIT_LOC_STRINGS = NO;
				SWIFT_VERSION = 5.0;
				TARGETED_DEVICE_FAMILY = "1,2";
				TEST_TARGET_NAME = LittleLemonApp;
			};
			name = Debug;
		};
		09E711312C1DE7D800B50546 /* Release */ = {
			isa = XCBuildConfiguration;
			buildSettings = {
				ALWAYS_EMBED_SWIFT_STANDARD_LIBRARIES = YES;
				CODE_SIGN_STYLE = Automatic;
				CURRENT_PROJECT_VERSION = 1;
				GENERATE_INFOPLIST_FILE = YES;
				MARKETING_VERSION = 1.0;
				PRODUCT_BUNDLE_IDENTIFIER = com.little.lemon.LittleLemonAppUITests;
				PRODUCT_NAME = "$(TARGET_NAME)";
				SWIFT_EMIT_LOC_STRINGS = NO;
				SWIFT_VERSION = 5.0;
				TARGETED_DEVICE_FAMILY = "1,2";
				TEST_TARGET_NAME = LittleLemonApp;
			};
			name = Release;
		};
/* End XCBuildConfiguration section */

/* Begin XCConfigurationList section */
		09E710FB2C1DE7D700B50546 /* Build configuration list for PBXProject "LittleLemonApp" */ = {
			isa = XCConfigurationList;
			buildConfigurations = (
				09E711272C1DE7D800B50546 /* Debug */,
				09E711282C1DE7D800B50546 /* Release */,
			);
			defaultConfigurationIsVisible = 0;
			defaultConfigurationName = Release;
		};
		09E711292C1DE7D800B50546 /* Build configuration list for PBXNativeTarget "LittleLemonApp" */ = {
			isa = XCConfigurationList;
			buildConfigurations = (
				09E7112A2C1DE7D800B50546 /* Debug */,
				09E7112B2C1DE7D800B50546 /* Release */,
			);
			defaultConfigurationIsVisible = 0;
			defaultConfigurationName = Release;
		};
		09E7112C2C1DE7D800B50546 /* Build configuration list for PBXNativeTarget "LittleLemonAppTests" */ = {
			isa = XCConfigurationList;
			buildConfigurations = (
				09E7112D2C1DE7D800B50546 /* Debug */,
				09E7112E2C1DE7D800B50546 /* Release */,
			);
			defaultConfigurationIsVisible = 0;
			defaultConfigurationName = Release;
		};
		09E7112F2C1DE7D800B50546 /* Build configuration list for PBXNativeTarget "LittleLemonAppUITests" */ = {
			isa = XCConfigurationList;
			buildConfigurations = (
				09E711302C1DE7D800B50546 /* Debug */,
				09E711312C1DE7D800B50546 /* Release */,
			);
			defaultConfigurationIsVisible = 0;
			defaultConfigurationName = Release;
		};
/* End XCConfigurationList section */

/* Begin XCVersionGroup section */
		09A44FDF2C1F1F20004E47F9 /* LittleLemonApp.xcdatamodeld */ = {
			isa = XCVersionGroup;
			children = (
				09A44FE02C1F1F20004E47F9 /* ExampleDatabase.xcdatamodel */,
			);
			currentVersion = 09A44FE02C1F1F20004E47F9 /* ExampleDatabase.xcdatamodel */;
			path = LittleLemonApp.xcdatamodeld;
			sourceTree = "<group>";
			versionGroupType = wrapper.xcdatamodel;
		};
/* End XCVersionGroup section */
	};
	rootObject = 09E710F82C1DE7D700B50546 /* Project object */;
}
